
Microsoft Visual Studio Solution File, Format Version 12.00
# Visual Studio Version 17
VisualStudioVersion = 17.8.34511.84
MinimumVisualStudioVersion = 10.0.40219.1
Project("{F184B08F-C81C-45F6-A57F-5ABD9991F28F}") = "202109710_tarea09_2", "202109710_tarea09_2\202109710_tarea09_2.vbproj", "{C0AD1B85-0D41-4A9C-A73F-8473DD4DEB7B}"
EndProject
Global
	GlobalSection(SolutionConfigurationPlatforms) = preSolution
		Debug|Any CPU = Debug|Any CPU
		Release|Any CPU = Release|Any CPU
	EndGlobalSection
	GlobalSection(ProjectConfigurationPlatforms) = postSolution
		{C0AD1B85-0D41-4A9C-A73F-8473DD4DEB7B}.Debug|Any CPU.ActiveCfg = Debug|Any CPU
		{C0AD1B85-0D41-4A9C-A73F-8473DD4DEB7B}.Debug|Any CPU.Build.0 = Debug|Any CPU
		{C0AD1B85-0D41-4A9C-A73F-8473DD4DEB7B}.Release|Any CPU.ActiveCfg = Release|Any CPU
		{C0AD1B85-0D41-4A9C-A73F-8473DD4DEB7B}.Release|Any CPU.Build.0 = Release|Any CPU
	EndGlobalSection
	GlobalSection(SolutionProperties) = preSolution
		HideSolutionNode = FALSE
	EndGlobalSection
	GlobalSection(ExtensibilityGlobals) = postSolution
		SolutionGuid = {E34A2C05-04B2-4B0B-97CB-A7B4955CE793}
	EndGlobalSection
EndGlobal
